
Microsoft Visual Studio Solution File, Format Version 12.00
# Visual Studio 15
VisualStudioVersion = 15.0.34112.143
MinimumVisualStudioVersion = 10.0.40219.1
Project("{FAE04EC0-301F-11D3-BF4B-00C04F79EFBC}") = "Quản Lý Thực Đơn Nhà Hàng", "WindowsFormsApp1\Quản Lý Thực Đơn Nhà Hàng.csproj", "{EE5A81E1-D244-4B24-BA0A-0957AB32164F}"
EndProject
Global
	GlobalSection(SolutionConfigurationPlatforms) = preSolution
		Debug|Any CPU = Debug|Any CPU
		Release|Any CPU = Release|Any CPU
	EndGlobalSection
	GlobalSection(ProjectConfigurationPlatforms) = postSolution
		{EE5A81E1-D244-4B24-BA0A-0957AB32164F}.Debug|Any CPU.ActiveCfg = Debug|Any CPU
		{EE5A81E1-D244-4B24-BA0A-0957AB32164F}.Debug|Any CPU.Build.0 = Debug|Any CPU
		{EE5A81E1-D244-4B24-BA0A-0957AB32164F}.Release|Any CPU.ActiveCfg = Release|Any CPU
		{EE5A81E1-D244-4B24-BA0A-0957AB32164F}.Release|Any CPU.Build.0 = Release|Any CPU
	EndGlobalSection
	GlobalSection(SolutionProperties) = preSolution
		HideSolutionNode = FALSE
	EndGlobalSection
	GlobalSection(ExtensibilityGlobals) = postSolution
		SolutionGuid = {38B2F1C2-5F2F-4437-8108-C5AAED53E116}
	EndGlobalSection
EndGlobal
